git.campmon.com/golang/corekit v1.7.0 h1:xusKwkK4od2Nyn0mPojYymdTqOtmncNOIuNBQRd92E8=
git.campmon.com/golang/corekit v1.7.0/go.mod h1:3IVfpYbShylXPpZspMbTU1HX/bv/Z6HQjw+prLCOldg=
github.com/hashicorp/errwrap v1.0.0 h1:hLrqtEDnRye3+sgx6z4qVLNuviH3MR5aQ0ykNJa/UYA=
github.com/hashicorp/errwrap v1.0.0/go.mod h1:YH+1FKiLXxHSkmPseP+kNlulaMuP3n2brvKWEqk/Jc4=
github.com/hashicorp/go-multierror v1.0.0 h1:iVjPR7a6H0tWELX5NxNe7bYopibicUzc7uPribsnS6o=
github.com/hashicorp/go-multierror v1.0.0/go.mod h1:dHtQlpGsu+cZNNAkkCN/P3hoUDHhCYQXV3UM06sGGrk=
github.com/veandco/go-sdl2 v0.3.0 h1:IWYkHMp8V3v37NsKjszln8FFnX2+ab0538J371t+rss=
github.com/veandco/go-sdl2 v0.3.0/go.mod h1:FB+kTpX9YTE+urhYiClnRzpOXbiWgaU3+5F2AB78DPg=
gobot.io/x/gobot v1.12.0 h1:zXz48RRRs7QSEN9fbB03lmNnzgRWCJJHOB10g6r1vEw=
gobot.io/x/gobot v1.12.0/go.mod h1:yQwOPKcHJsXOfrtPaszuiCm/QkUhSNvDwf8+BTrll1A=
